
Microsoft Visual Studio Solution File, Format Version 10.00
# Visual Studio 2008
Project("{8BC9CEB8-8B4A-11D0-8D11-00A0C91BC942}") = "wxAboutBoxTest", "wxAboutBoxTest\wxAboutBoxTest.vcproj", "{2E8D2DC6-CFD7-4B1C-B2F4-58BD3640F273}"
EndProject
Global
	GlobalSection(SolutionConfigurationPlatforms) = preSolution
		Debug|Win32 = Debug|Win32
		Release|Win32 = Release|Win32
	EndGlobalSection
	GlobalSection(ProjectConfigurationPlatforms) = postSolution
		{2E8D2DC6-CFD7-4B1C-B2F4-58BD3640F273}.Debug|Win32.ActiveCfg = Debug|Win32
		{2E8D2DC6-CFD7-4B1C-B2F4-58BD3640F273}.Debug|Win32.Build.0 = Debug|Win32
		{2E8D2DC6-CFD7-4B1C-B2F4-58BD3640F273}.Release|Win32.ActiveCfg = Release|Win32
		{2E8D2DC6-CFD7-4B1C-B2F4-58BD3640F273}.Release|Win32.Build.0 = Release|Win32
	EndGlobalSection
	GlobalSection(SolutionProperties) = preSolution
		HideSolutionNode = FALSE
	EndGlobalSection
EndGlobal
